
Microsoft Visual Studio Solution File, Format Version 12.00
Project("{FAE04EC0-301F-11D3-BF4B-00C04F79EFBC}") = "Monetair.References.Tests", "Monetair.References.Tests\Monetair.References.Tests.csproj", "{C2EF11AE-6E2A-4263-915F-00AED12CB417}"
EndProject
Project("{FAE04EC0-301F-11D3-BF4B-00C04F79EFBC}") = "Monetair.References", "Monetair.References\Monetair.References.csproj", "{CF46C13C-E8F3-4EF8-B2ED-D445FC1E0DD8}"
EndProject
Global
	GlobalSection(SolutionConfigurationPlatforms) = preSolution
		Debug|Any CPU = Debug|Any CPU
		Release|Any CPU = Release|Any CPU
	EndGlobalSection
	GlobalSection(ProjectConfigurationPlatforms) = postSolution
		{C2EF11AE-6E2A-4263-915F-00AED12CB417}.Debug|Any CPU.ActiveCfg = Debug|Any CPU
		{C2EF11AE-6E2A-4263-915F-00AED12CB417}.Debug|Any CPU.Build.0 = Debug|Any CPU
		{C2EF11AE-6E2A-4263-915F-00AED12CB417}.Release|Any CPU.ActiveCfg = Release|Any CPU
		{C2EF11AE-6E2A-4263-915F-00AED12CB417}.Release|Any CPU.Build.0 = Release|Any CPU
		{CF46C13C-E8F3-4EF8-B2ED-D445FC1E0DD8}.Debug|Any CPU.ActiveCfg = Debug|Any CPU
		{CF46C13C-E8F3-4EF8-B2ED-D445FC1E0DD8}.Debug|Any CPU.Build.0 = Debug|Any CPU
		{CF46C13C-E8F3-4EF8-B2ED-D445FC1E0DD8}.Release|Any CPU.ActiveCfg = Release|Any CPU
		{CF46C13C-E8F3-4EF8-B2ED-D445FC1E0DD8}.Release|Any CPU.Build.0 = Release|Any CPU
	EndGlobalSection
EndGlobal
